<?xml version="1.0" encoding="utf-8"?>
<Project ToolsVersion="4.0" xmlns="http://schemas.microsoft.com/developer/msbuild/2003">
  <ItemGroup>
    <Filter Include="Common">
      <UniqueIdentifier>8a97d5b2-23d4-4181-b94b-f67085f3dac7</UniqueIdentifier>
    </Filter>
    <Filter Include="Assets">
      <UniqueIdentifier>096db7f1-cc13-4f27-b0e9-fe1ef0ca2ff0</UniqueIdentifier>
      <Extensions>ico;cur;bmp;dds;dlg;fbx;rct;bin;rgs;gif;jpg;jpeg;jpe;resx;tga;tiff;tif;png;wav;mfcribbon-ms</Extensions>
    </Filter>
  </ItemGroup>
  <ItemGroup>
    <ClInclude Include="pch.h" />
    <ClInclude Include="Game.h" />
    <ClInclude Include="StepTimer.h">
      <Filter>Common</Filter>
    </ClInclude>
    <ClInclude Include="DeviceResources.h">
      <Filter>Common</Filter>
    </ClInclude>
    <ClInclude Include="AnimatedSprite.h" />
    <ClInclude Include="AnimationObject.h" />
    <ClInclude Include="AnimationStrip.h" />
    <ClInclude Include="border_thickness.h" />
    <ClInclude Include="CameraTools.h" />
    <ClInclude Include="collision_object_type.h" />
    <ClInclude Include="CollisionDetector.h" />
    <ClInclude Include="CollisionObject.h" />
    <ClInclude Include="CollisionQuantifier.h" />
    <ClInclude Include="CollisionResolver.h" />
    <ClInclude Include="Colour.h" />
    <ClInclude Include="confirmation_state.h" />
    <ClInclude Include="connection_state.h" />
    <ClInclude Include="DebugText.h" />
    <ClInclude Include="dimension.h" />
    <ClInclude Include="direction.h" />
    <ClInclude Include="direction_lock.h" />
    <ClInclude Include="directory_consts.h" />
    <ClInclude Include="Drawer.h" />
    <ClInclude Include="DrawObject.h" />
    <ClInclude Include="end_menu_action.h" />
    <ClInclude Include="EndMenu.h" />
    <ClInclude Include="EndMenuData.h" />
    <ClInclude Include="EricsonMath.h" />
    <ClInclude Include="GameData.h" />
    <ClInclude Include="GameStates.h" />
    <ClInclude Include="ICollisionGameObject.h" />
    <ClInclude Include="IGameObject.h" />
    <ClInclude Include="IMovable.h" />
    <ClInclude Include="InterfaceGameplay.h" />
    <ClInclude Include="IPaintableGameObject.h" />
    <ClInclude Include="IPhysical.h" />
    <ClInclude Include="IRectangle.h" />
    <ClInclude Include="IRotatable.h" />
    <ClInclude Include="IShape.h" />
    <ClInclude Include="ITriangle.h" />
    <ClInclude Include="IUpdatable.h" />
    <ClInclude Include="IVisual.h" />
    <ClInclude Include="Level.h" />
    <ClInclude Include="level_end_info.h" />
    <ClInclude Include="level_mode.h" />
    <ClInclude Include="level_stage.h" />
    <ClInclude Include="LevelBuilder.h" />
    <ClInclude Include="LevelDrawer.h" />
    <ClInclude Include="LevelLoadedInfo.h" />
    <ClInclude Include="LevelObjectBuilder.h" />
    <ClInclude Include="LevelUpdater.h" />
    <ClInclude Include="MainMenu.h" />
    <ClInclude Include="MainMenuData.h" />
    <ClInclude Include="MattMath.h" />
    <ClInclude Include="menu_element.h" />
    <ClInclude Include="menu_input_action.h" />
    <ClInclude Include="menu_player_settings.h" />
    <ClInclude Include="MenuData.h" />
    <ClInclude Include="MenuHighlight.h" />
    <ClInclude Include="MenuInput.h" />
    <ClInclude Include="MenuLevelSettings.h" />
    <ClInclude Include="MenuPage.h" />
    <ClInclude Include="Mh.h" />
    <ClInclude Include="MovingObject.h" />
    <ClInclude Include="PaintTile.h" />
    <ClInclude Include="pause_menu_action.h" />
    <ClInclude Include="PauseMenu.h" />
    <ClInclude Include="PauseMenuData.h" />
    <ClInclude Include="PhysicalObject.h" />
    <ClInclude Include="Player.h" />
    <ClInclude Include="player_consts.h" />
    <ClInclude Include="player_input.h" />
    <ClInclude Include="player_team.h" />
    <ClInclude Include="PlayerBuilder.h" />
    <ClInclude Include="PlayerDrawer.h" />
    <ClInclude Include="PlayerInput.h" />
    <ClInclude Include="PlayerUpdater.h" />
    <ClInclude Include="priority_level.h" />
    <ClInclude Include="Projectile.h" />
    <ClInclude Include="projectile_consts.h" />
    <ClInclude Include="projectile_details.h" />
    <ClInclude Include="ProjectileBall.h" />
    <ClInclude Include="ProjectileBuilder.h" />
    <ClInclude Include="ProjectileDrawer.h" />
    <ClInclude Include="ProjectileJet.h" />
    <ClInclude Include="ProjectileMist.h" />
    <ClInclude Include="ProjectileRolling.h" />
    <ClInclude Include="ProjectileSpray.h" />
    <ClInclude Include="ProjectileUpdater.h" />
    <ClInclude Include="RectangleAnimation.h" />
    <ClInclude Include="RectangleAnimationCollision.h" />
    <ClInclude Include="RectangleColliding.h" />
    <ClInclude Include="RectangleCollidingMoving.h" />
    <ClInclude Include="RectangleMoving.h" />
    <ClInclude Include="RectangleObject.h" />
    <ClInclude Include="RectangleTexture.h" />
    <ClInclude Include="RectangleTextureCollision.h" />
    <ClInclude Include="ResolutionManager.h" />
    <ClInclude Include="ResourceLoader.h" />
    <ClInclude Include="ResourceManager.h" />
    <ClInclude Include="results_menu_action.h" />
    <ClInclude Include="ResultsMenu.h" />
    <ClInclude Include="ResultsMenuData.h" />
    <ClInclude Include="rotation_origin.h" />
    <ClInclude Include="Save.h" />
    <ClInclude Include="screen_layout.h" />
    <ClInclude Include="shape_type.h" />
    <ClInclude Include="SoundBank.h" />
    <ClInclude Include="SoundBankObject.h" />
    <ClInclude Include="SoundEffectInstanceObject.h" />
    <ClInclude Include="SoundLibrary.h" />
    <ClInclude Include="SoundSingle.h" />
    <ClInclude Include="SpriteFrame.h" />
    <ClInclude Include="SpriteSheet.h" />
    <ClInclude Include="SpriteSheetObject.h" />
    <ClInclude Include="State.h" />
    <ClInclude Include="StateContext.h" />
    <ClInclude Include="Structure.h" />
    <ClInclude Include="StructurePaintable.h" />
    <ClInclude Include="TeamColour.h" />
    <ClInclude Include="Text.h" />
    <ClInclude Include="TextDropShadow.h" />
    <ClInclude Include="TextObject.h" />
    <ClInclude Include="TextureObject.h" />
    <ClInclude Include="Tile.h" />
    <ClInclude Include="tile_consts.h" />
    <ClInclude Include="TileBuilder.h" />
    <ClInclude Include="TileDrawer.h" />
    <ClInclude Include="TileUpdater.h" />
    <ClInclude Include="Updater.h" />
    <ClInclude Include="ViewportManager.h" />
    <ClInclude Include="Visual.h" />
    <ClInclude Include="VisualAnimation.h" />
    <ClInclude Include="VisualText.h" />
    <ClInclude Include="WaveBankObject.h" />
    <ClInclude Include="Weapon.h" />
    <ClInclude Include="weapon_consts.h" />
    <ClInclude Include="weapon_details.h" />
    <ClInclude Include="WeaponBucket.h" />
    <ClInclude Include="WeaponBuilder.h" />
    <ClInclude Include="WeaponDrawer.h" />
    <ClInclude Include="WeaponMister.h" />
    <ClInclude Include="WeaponRoller.h" />
    <ClInclude Include="WeaponSniper.h" />
    <ClInclude Include="WeaponSprayer.h" />
    <ClInclude Include="WeaponUpdater.h" />
    <ClInclude Include="wep_type.h" />
  </ItemGroup>
  <ItemGroup>
    <ClCompile Include="pch.cpp" />
    <ClCompile Include="Game.cpp" />
    <ClCompile Include="Main.cpp" />
    <ClCompile Include="DeviceResources.cpp">
      <Filter>Common</Filter>
    </ClCompile>
    <ClCompile Include="AnimatedSprite.cpp" />
    <ClCompile Include="AnimationObject.cpp" />
    <ClCompile Include="AnimationStrip.cpp" />
    <ClCompile Include="CameraTools.cpp" />
    <ClCompile Include="CollisionDetector.cpp" />
    <ClCompile Include="CollisionObject.cpp" />
    <ClCompile Include="CollisionQuantifier.cpp" />
    <ClCompile Include="CollisionResolver.cpp" />
    <ClCompile Include="DebugText.cpp" />
    <ClCompile Include="Drawer.cpp" />
    <ClCompile Include="DrawObject.cpp" />
    <ClCompile Include="EndMenu.cpp" />
    <ClCompile Include="EricsonMath.cpp" />
    <ClCompile Include="GameStates.cpp" />
    <ClCompile Include="InterfaceGameplay.cpp" />
    <ClCompile Include="Level.cpp" />
    <ClCompile Include="LevelBuilder.cpp" />
    <ClCompile Include="LevelDrawer.cpp" />
    <ClCompile Include="LevelLoadedInfo.cpp" />
    <ClCompile Include="LevelObjectBuilder.cpp" />
    <ClCompile Include="LevelUpdater.cpp" />
    <ClCompile Include="MainMenu.cpp" />
    <ClCompile Include="MattMath.cpp" />
    <ClCompile Include="MenuHighlight.cpp" />
    <ClCompile Include="MenuInput.cpp" />
    <ClCompile Include="MenuLevelSettings.cpp" />
    <ClCompile Include="MenuPage.cpp" />
    <ClCompile Include="Mh.cpp" />
    <ClCompile Include="MovingObject.cpp" />
    <ClCompile Include="PauseMenu.cpp" />
    <ClCompile Include="PhysicalObject.cpp" />
    <ClCompile Include="Player.cpp" />
    <ClCompile Include="PlayerBuilder.cpp" />
    <ClCompile Include="PlayerDrawer.cpp" />
    <ClCompile Include="PlayerInput.cpp" />
    <ClCompile Include="PlayerUpdater.cpp" />
    <ClCompile Include="Projectile.cpp" />
    <ClCompile Include="ProjectileBall.cpp" />
    <ClCompile Include="ProjectileBuilder.cpp" />
    <ClCompile Include="ProjectileDrawer.cpp" />
    <ClCompile Include="ProjectileJet.cpp" />
    <ClCompile Include="ProjectileMist.cpp" />
    <ClCompile Include="ProjectileRolling.cpp" />
    <ClCompile Include="ProjectileSpray.cpp" />
    <ClCompile Include="ProjectileUpdater.cpp" />
    <ClCompile Include="RectangleAnimation.cpp" />
    <ClCompile Include="RectangleAnimationCollision.cpp" />
    <ClCompile Include="RectangleColliding.cpp" />
    <ClCompile Include="RectangleCollidingMoving.cpp" />
    <ClCompile Include="RectangleMoving.cpp" />
    <ClCompile Include="RectangleObject.cpp" />
    <ClCompile Include="RectangleTexture.cpp" />
    <ClCompile Include="RectangleTextureCollision.cpp" />
    <ClCompile Include="ResolutionManager.cpp" />
    <ClCompile Include="ResourceLoader.cpp" />
    <ClCompile Include="ResourceManager.cpp" />
    <ClCompile Include="ResultsMenu.cpp" />
    <ClCompile Include="Save.cpp" />
    <ClCompile Include="SoundBank.cpp" />
    <ClCompile Include="SoundBankObject.cpp" />
    <ClCompile Include="SoundEffectInstanceObject.cpp" />
    <ClCompile Include="SoundLibrary.cpp" />
    <ClCompile Include="SoundSingle.cpp" />
    <ClCompile Include="SpriteFrame.cpp" />
    <ClCompile Include="SpriteSheet.cpp" />
    <ClCompile Include="SpriteSheetObject.cpp" />
    <ClCompile Include="State.cpp" />
    <ClCompile Include="StateContext.cpp" />
    <ClCompile Include="Structure.cpp" />
    <ClCompile Include="StructurePaintable.cpp" />
    <ClCompile Include="Text.cpp" />
    <ClCompile Include="TextDropShadow.cpp" />
    <ClCompile Include="TextObject.cpp" />
    <ClCompile Include="TextureObject.cpp" />
    <ClCompile Include="Tile.cpp" />
    <ClCompile Include="TileBuilder.cpp" />
    <ClCompile Include="TileDrawer.cpp" />
    <ClCompile Include="TileUpdater.cpp" />
    <ClCompile Include="ViewportManager.cpp" />
    <ClCompile Include="Visual.cpp" />
    <ClCompile Include="VisualAnimation.cpp" />
    <ClCompile Include="VisualText.cpp" />
    <ClCompile Include="WaveBankObject.cpp" />
    <ClCompile Include="Weapon.cpp" />
    <ClCompile Include="WeaponBucket.cpp" />
    <ClCompile Include="WeaponBuilder.cpp" />
    <ClCompile Include="WeaponDrawer.cpp" />
    <ClCompile Include="WeaponMister.cpp" />
    <ClCompile Include="WeaponRoller.cpp" />
    <ClCompile Include="WeaponSniper.cpp" />
    <ClCompile Include="WeaponSprayer.cpp" />
    <ClCompile Include="WeaponUpdater.cpp" />
  </ItemGroup>
  <ItemGroup>
    <ResourceCompile Include="resource.rc" />
  </ItemGroup>
  <ItemGroup>
    <Image Include="directx.ico">
      <Filter>Assets</Filter>
    </Image>
    <Image Include="textures\sprite_sheet_1.dds">
      <Filter>Assets</Filter>
    </Image>
  </ItemGroup>
  <ItemGroup>
    <Manifest Include="settings.manifest">
      <Filter>Assets</Filter>
    </Manifest>
  </ItemGroup>
  <ItemGroup>
    <None Include="packages.config" />
  </ItemGroup>
</Project>